
Microsoft Visual Studio Solution File, Format Version 12.00
# Visual Studio 15
VisualStudioVersion = 15.0.27130.2003
MinimumVisualStudioVersion = 10.0.40219.1
Project("{FAE04EC0-301F-11D3-BF4B-00C04F79EFBC}") = "PictureProcess", "PictureProcess\PictureProcess.csproj", "{5A2F68B0-4074-46F6-BD0B-007AAD55D3A8}"
EndProject
Global
	GlobalSection(SolutionConfigurationPlatforms) = preSolution
		Debug|Any CPU = Debug|Any CPU
		Release|Any CPU = Release|Any CPU
	EndGlobalSection
	GlobalSection(ProjectConfigurationPlatforms) = postSolution
		{5A2F68B0-4074-46F6-BD0B-007AAD55D3A8}.Debug|Any CPU.ActiveCfg = Debug|Any CPU
		{5A2F68B0-4074-46F6-BD0B-007AAD55D3A8}.Debug|Any CPU.Build.0 = Debug|Any CPU
		{5A2F68B0-4074-46F6-BD0B-007AAD55D3A8}.Release|Any CPU.ActiveCfg = Release|Any CPU
		{5A2F68B0-4074-46F6-BD0B-007AAD55D3A8}.Release|Any CPU.Build.0 = Release|Any CPU
	EndGlobalSection
	GlobalSection(SolutionProperties) = preSolution
		HideSolutionNode = FALSE
	EndGlobalSection
	GlobalSection(ExtensibilityGlobals) = postSolution
		SolutionGuid = {3E923697-8928-485B-97A5-8E625C86C6E6}
	EndGlobalSection
EndGlobal
